
Microsoft Visual Studio Solution File, Format Version 12.00
# Visual Studio 15
VisualStudioVersion = 15.0.36617.4
MinimumVisualStudioVersion = 10.0.40219.1
Project("{F184B08F-C81C-45F6-A57F-5ABD9991F28F}") = "repasodosh", "repasodosh\repasodosh.vbproj", "{A014AFD5-083F-4F9E-93C4-8B0672887274}"
EndProject
Global
	GlobalSection(SolutionConfigurationPlatforms) = preSolution
		Debug|Any CPU = Debug|Any CPU
		Release|Any CPU = Release|Any CPU
	EndGlobalSection
	GlobalSection(ProjectConfigurationPlatforms) = postSolution
		{A014AFD5-083F-4F9E-93C4-8B0672887274}.Debug|Any CPU.ActiveCfg = Debug|Any CPU
		{A014AFD5-083F-4F9E-93C4-8B0672887274}.Debug|Any CPU.Build.0 = Debug|Any CPU
		{A014AFD5-083F-4F9E-93C4-8B0672887274}.Release|Any CPU.ActiveCfg = Release|Any CPU
		{A014AFD5-083F-4F9E-93C4-8B0672887274}.Release|Any CPU.Build.0 = Release|Any CPU
	EndGlobalSection
	GlobalSection(SolutionProperties) = preSolution
		HideSolutionNode = FALSE
	EndGlobalSection
	GlobalSection(ExtensibilityGlobals) = postSolution
		SolutionGuid = {BBA1D25D-E75A-4BAA-B214-6A32AEA13800}
	EndGlobalSection
EndGlobal
