
Microsoft Visual Studio Solution File, Format Version 12.00
# Visual Studio 15
VisualStudioVersion = 15.0.36617.4
MinimumVisualStudioVersion = 10.0.40219.1
Project("{F184B08F-C81C-45F6-A57F-5ABD9991F28F}") = "repasotresh", "repasotresh\repasotresh.vbproj", "{4E501F05-2D20-4749-A7B5-3EE9D94287B7}"
EndProject
Global
	GlobalSection(SolutionConfigurationPlatforms) = preSolution
		Debug|Any CPU = Debug|Any CPU
		Release|Any CPU = Release|Any CPU
	EndGlobalSection
	GlobalSection(ProjectConfigurationPlatforms) = postSolution
		{4E501F05-2D20-4749-A7B5-3EE9D94287B7}.Debug|Any CPU.ActiveCfg = Debug|Any CPU
		{4E501F05-2D20-4749-A7B5-3EE9D94287B7}.Debug|Any CPU.Build.0 = Debug|Any CPU
		{4E501F05-2D20-4749-A7B5-3EE9D94287B7}.Release|Any CPU.ActiveCfg = Release|Any CPU
		{4E501F05-2D20-4749-A7B5-3EE9D94287B7}.Release|Any CPU.Build.0 = Release|Any CPU
	EndGlobalSection
	GlobalSection(SolutionProperties) = preSolution
		HideSolutionNode = FALSE
	EndGlobalSection
	GlobalSection(ExtensibilityGlobals) = postSolution
		SolutionGuid = {7F291504-C2E7-430B-B762-E1E9D2AF264D}
	EndGlobalSection
EndGlobal
